
Microsoft Visual Studio Solution File, Format Version 12.00
# Visual Studio 14
VisualStudioVersion = 14.0.25420.1
MinimumVisualStudioVersion = 10.0.40219.1
Project("{FAE04EC0-301F-11D3-BF4B-00C04F79EFBC}") = "GSTInvoice.App", "GSTInvoice.App\GSTInvoice.App.csproj", "{73877F7F-5CD3-45AB-9ADE-7906BD3E90DD}"
EndProject
Project("{FAE04EC0-301F-11D3-BF4B-00C04F79EFBC}") = "GSTInvoice.Data", "GSTInvoice.Data\GSTInvoice.Data.csproj", "{BA4923C8-26F5-44AA-B233-7214D885DC23}"
EndProject
Project("{FAE04EC0-301F-11D3-BF4B-00C04F79EFBC}") = "GSTInvoice.Service", "GSTInvoice.Service\GSTInvoice.Service.csproj", "{94E0D399-EE07-43CF-B6C2-12E99D50131E}"
EndProject
Project("{FAE04EC0-301F-11D3-BF4B-00C04F79EFBC}") = "GSTInvoice.Core", "GSTInvoice.Core\GSTInvoice.Core.csproj", "{0A189C8B-1A6F-4CC8-A196-ED7A2EE9F234}"
EndProject
Global
	GlobalSection(SolutionConfigurationPlatforms) = preSolution
		Debug|Any CPU = Debug|Any CPU
		Release|Any CPU = Release|Any CPU
	EndGlobalSection
	GlobalSection(ProjectConfigurationPlatforms) = postSolution
		{73877F7F-5CD3-45AB-9ADE-7906BD3E90DD}.Debug|Any CPU.ActiveCfg = Debug|Any CPU
		{73877F7F-5CD3-45AB-9ADE-7906BD3E90DD}.Debug|Any CPU.Build.0 = Debug|Any CPU
		{73877F7F-5CD3-45AB-9ADE-7906BD3E90DD}.Release|Any CPU.ActiveCfg = Release|Any CPU
		{73877F7F-5CD3-45AB-9ADE-7906BD3E90DD}.Release|Any CPU.Build.0 = Release|Any CPU
		{BA4923C8-26F5-44AA-B233-7214D885DC23}.Debug|Any CPU.ActiveCfg = Debug|Any CPU
		{BA4923C8-26F5-44AA-B233-7214D885DC23}.Debug|Any CPU.Build.0 = Debug|Any CPU
		{BA4923C8-26F5-44AA-B233-7214D885DC23}.Release|Any CPU.ActiveCfg = Release|Any CPU
		{BA4923C8-26F5-44AA-B233-7214D885DC23}.Release|Any CPU.Build.0 = Release|Any CPU
		{94E0D399-EE07-43CF-B6C2-12E99D50131E}.Debug|Any CPU.ActiveCfg = Debug|Any CPU
		{94E0D399-EE07-43CF-B6C2-12E99D50131E}.Debug|Any CPU.Build.0 = Debug|Any CPU
		{94E0D399-EE07-43CF-B6C2-12E99D50131E}.Release|Any CPU.ActiveCfg = Release|Any CPU
		{94E0D399-EE07-43CF-B6C2-12E99D50131E}.Release|Any CPU.Build.0 = Release|Any CPU
		{0A189C8B-1A6F-4CC8-A196-ED7A2EE9F234}.Debug|Any CPU.ActiveCfg = Debug|Any CPU
		{0A189C8B-1A6F-4CC8-A196-ED7A2EE9F234}.Debug|Any CPU.Build.0 = Debug|Any CPU
		{0A189C8B-1A6F-4CC8-A196-ED7A2EE9F234}.Release|Any CPU.ActiveCfg = Release|Any CPU
		{0A189C8B-1A6F-4CC8-A196-ED7A2EE9F234}.Release|Any CPU.Build.0 = Release|Any CPU
	EndGlobalSection
	GlobalSection(SolutionProperties) = preSolution
		HideSolutionNode = FALSE
	EndGlobalSection
EndGlobal
